
Microsoft Visual Studio Solution File, Format Version 12.00
# Visual Studio 2012
Project("{FAE04EC0-301F-11D3-BF4B-00C04F79EFBC}") = "HolyDayCalendar", "HolyDayCalendar\HolyDayCalendar.csproj", "{E504F57A-A9A0-4E7A-B548-2B2CEACA754C}"
EndProject
Global
	GlobalSection(SolutionConfigurationPlatforms) = preSolution
		Debug|Any CPU = Debug|Any CPU
		Release|Any CPU = Release|Any CPU
	EndGlobalSection
	GlobalSection(ProjectConfigurationPlatforms) = postSolution
		{E504F57A-A9A0-4E7A-B548-2B2CEACA754C}.Debug|Any CPU.ActiveCfg = Debug|Any CPU
		{E504F57A-A9A0-4E7A-B548-2B2CEACA754C}.Debug|Any CPU.Build.0 = Debug|Any CPU
		{E504F57A-A9A0-4E7A-B548-2B2CEACA754C}.Release|Any CPU.ActiveCfg = Release|Any CPU
		{E504F57A-A9A0-4E7A-B548-2B2CEACA754C}.Release|Any CPU.Build.0 = Release|Any CPU
	EndGlobalSection
	GlobalSection(MonoDevelopProperties) = preSolution
		StartupItem = HolyDayCalendar\HolyDayCalendar.csproj
	EndGlobalSection
EndGlobal
